
Microsoft Visual Studio Solution File, Format Version 12.00
# Visual Studio Version 17
VisualStudioVersion = 17.13.35806.99 d17.13
MinimumVisualStudioVersion = 10.0.40219.1
Project("{FAE04EC0-301F-11D3-BF4B-00C04F79EFBC}") = "HotelBooking", "HotelBooking\HotelBooking.csproj", "{C4A004AA-E723-46F3-8696-D6B07487AC8F}"
EndProject
Project("{FAE04EC0-301F-11D3-BF4B-00C04F79EFBC}") = "HotelBooking.Domain", "HotelBooking.Domain\HotelBooking.Domain.csproj", "{1D67D201-BA51-477F-B3ED-19EDE18C131A}"
EndProject
Project("{FAE04EC0-301F-11D3-BF4B-00C04F79EFBC}") = "HotelBooking.Application", "HotelBooking.Application\HotelBooking.Application.csproj", "{03D01BD8-B8CF-44E6-949C-4AA2F59C4222}"
EndProject
Project("{FAE04EC0-301F-11D3-BF4B-00C04F79EFBC}") = "HotelBooking.Infrastructure", "HotelBooking.Infrastructure\HotelBooking.Infrastructure.csproj", "{38F1CF5F-4795-47ED-836A-EFFD0B75F6D1}"
EndProject
Global
	GlobalSection(SolutionConfigurationPlatforms) = preSolution
		Debug|Any CPU = Debug|Any CPU
		Release|Any CPU = Release|Any CPU
	EndGlobalSection
	GlobalSection(ProjectConfigurationPlatforms) = postSolution
		{C4A004AA-E723-46F3-8696-D6B07487AC8F}.Debug|Any CPU.ActiveCfg = Debug|Any CPU
		{C4A004AA-E723-46F3-8696-D6B07487AC8F}.Debug|Any CPU.Build.0 = Debug|Any CPU
		{C4A004AA-E723-46F3-8696-D6B07487AC8F}.Release|Any CPU.ActiveCfg = Release|Any CPU
		{C4A004AA-E723-46F3-8696-D6B07487AC8F}.Release|Any CPU.Build.0 = Release|Any CPU
		{1D67D201-BA51-477F-B3ED-19EDE18C131A}.Debug|Any CPU.ActiveCfg = Debug|Any CPU
		{1D67D201-BA51-477F-B3ED-19EDE18C131A}.Debug|Any CPU.Build.0 = Debug|Any CPU
		{1D67D201-BA51-477F-B3ED-19EDE18C131A}.Release|Any CPU.ActiveCfg = Release|Any CPU
		{1D67D201-BA51-477F-B3ED-19EDE18C131A}.Release|Any CPU.Build.0 = Release|Any CPU
		{03D01BD8-B8CF-44E6-949C-4AA2F59C4222}.Debug|Any CPU.ActiveCfg = Debug|Any CPU
		{03D01BD8-B8CF-44E6-949C-4AA2F59C4222}.Debug|Any CPU.Build.0 = Debug|Any CPU
		{03D01BD8-B8CF-44E6-949C-4AA2F59C4222}.Release|Any CPU.ActiveCfg = Release|Any CPU
		{03D01BD8-B8CF-44E6-949C-4AA2F59C4222}.Release|Any CPU.Build.0 = Release|Any CPU
		{38F1CF5F-4795-47ED-836A-EFFD0B75F6D1}.Debug|Any CPU.ActiveCfg = Debug|Any CPU
		{38F1CF5F-4795-47ED-836A-EFFD0B75F6D1}.Debug|Any CPU.Build.0 = Debug|Any CPU
		{38F1CF5F-4795-47ED-836A-EFFD0B75F6D1}.Release|Any CPU.ActiveCfg = Release|Any CPU
		{38F1CF5F-4795-47ED-836A-EFFD0B75F6D1}.Release|Any CPU.Build.0 = Release|Any CPU
	EndGlobalSection
	GlobalSection(SolutionProperties) = preSolution
		HideSolutionNode = FALSE
	EndGlobalSection
	GlobalSection(ExtensibilityGlobals) = postSolution
		SolutionGuid = {F1685B37-EECA-4B71-B888-1795EFA7D772}
	EndGlobalSection
EndGlobal
